// !$*UTF8*$!
{
	archiveVersion = 1;
	classes = {
	};
	objectVersion = 54;
	objects = {

/* Begin PBXBuildFile section */
		2D0BE1442E812451008CF78B /* FHXNavigationController.m in Sources */ = {isa = PBXBuildFile; fileRef = 2D0BE13D2E812451008CF78B /* FHXNavigationController.m */; };
		2D0BE1452E812451008CF78B /* Color.m in Sources */ = {isa = PBXBuildFile; fileRef = 2D0BE1382E812451008CF78B /* Color.m */; };
		2D0BE1462E812451008CF78B /* FHXTabBarController.m in Sources */ = {isa = PBXBuildFile; fileRef = 2D0BE13F2E812451008CF78B /* FHXTabBarController.m */; };
		2D0BE1472E812451008CF78B /* UIImage+FHXImage.m in Sources */ = {isa = PBXBuildFile; fileRef = 2D0BE1422E812451008CF78B /* UIImage+FHXImage.m */; };
		2D0BE1482E812451008CF78B /* UIColor+Hex.m in Sources */ = {isa = PBXBuildFile; fileRef = 2D0BE13A2E812451008CF78B /* UIColor+Hex.m */; };
		2D0BE1502E8124DC008CF78B /* NewViewController.m in Sources */ = {isa = PBXBuildFile; fileRef = 2D0BE14E2E8124DC008CF78B /* NewViewController.m */; };
		2D0BE1512E8124DC008CF78B /* BrowseViewController.m in Sources */ = {isa = PBXBuildFile; fileRef = 2D0BE14A2E8124DC008CF78B /* BrowseViewController.m */; };
		2D0BE1522E8124DC008CF78B /* HomeViewController.m in Sources */ = {isa = PBXBuildFile; fileRef = 2D0BE14C2E8124DC008CF78B /* HomeViewController.m */; };
		2D0BE15C2E812C1D008CF78B /* CellsysBLEClient.m in Sources */ = {isa = PBXBuildFile; fileRef = 2D0BE15B2E812C1D008CF78B /* CellsysBLEClient.m */; };
		2D0BE1622E812D2B008CF78B /* CellsysPeripheralInfo.m in Sources */ = {isa = PBXBuildFile; fileRef = 2D0BE1602E812D2B008CF78B /* CellsysPeripheralInfo.m */; };
		2D0BE1692E8132A3008CF78B /* NSString+CellsysString.m in Sources */ = {isa = PBXBuildFile; fileRef = 2D0BE1682E8132A3008CF78B /* NSString+CellsysString.m */; };
		2D0BE16D2E8134AB008CF78B /* GetVC.m in Sources */ = {isa = PBXBuildFile; fileRef = 2D0BE16B2E8134AB008CF78B /* GetVC.m */; };
		2D0BE1712E813577008CF78B /* NSData+CellsysData.m in Sources */ = {isa = PBXBuildFile; fileRef = 2D0BE1702E813577008CF78B /* NSData+CellsysData.m */; };
		2D0BE1752E81372E008CF78B /* CellsysUserNotifications.m in Sources */ = {isa = PBXBuildFile; fileRef = 2D0BE1732E81372E008CF78B /* CellsysUserNotifications.m */; };
		2D0BE1792E813B05008CF78B /* NSDate+CellsysDate.m in Sources */ = {isa = PBXBuildFile; fileRef = 2D0BE1782E813B05008CF78B /* NSDate+CellsysDate.m */; };
		2D0BE17C2E813E18008CF78B /* CellsysGeometry.m in Sources */ = {isa = PBXBuildFile; fileRef = 2D0BE17B2E813E18008CF78B /* CellsysGeometry.m */; };
		2D0BE17F2E813F09008CF78B /* GeometryType.m in Sources */ = {isa = PBXBuildFile; fileRef = 2D0BE17E2E813F09008CF78B /* GeometryType.m */; };
		2D0BE1832E813F78008CF78B /* Single.m in Sources */ = {isa = PBXBuildFile; fileRef = 2D0BE1812E813F78008CF78B /* Single.m */; };
		2D0BE1872E814166008CF78B /* JZLocationConverter.m in Sources */ = {isa = PBXBuildFile; fileRef = 2D0BE1852E814166008CF78B /* JZLocationConverter.m */; };
		2D0BE18A2E8142AB008CF78B /* CellsysMember.m in Sources */ = {isa = PBXBuildFile; fileRef = 2D0BE1892E8142AB008CF78B /* CellsysMember.m */; };
		2D0BE1A12E81431A008CF78B /* NSObject+MJClass.m in Sources */ = {isa = PBXBuildFile; fileRef = 2D0BE1972E81431A008CF78B /* NSObject+MJClass.m */; };
		2D0BE1A22E81431A008CF78B /* MJProperty.m in Sources */ = {isa = PBXBuildFile; fileRef = 2D0BE1912E81431A008CF78B /* MJProperty.m */; };
		2D0BE1A32E81431A008CF78B /* NSString+MJExtension.m in Sources */ = {isa = PBXBuildFile; fileRef = 2D0BE19F2E81431A008CF78B /* NSString+MJExtension.m */; };
		2D0BE1A42E81431A008CF78B /* NSObject+MJProperty.m in Sources */ = {isa = PBXBuildFile; fileRef = 2D0BE19D2E81431A008CF78B /* NSObject+MJProperty.m */; };
		2D0BE1A52E81431A008CF78B /* NSObject+MJKeyValue.m in Sources */ = {isa = PBXBuildFile; fileRef = 2D0BE19B2E81431A008CF78B /* NSObject+MJKeyValue.m */; };
		2D0BE1A62E81431A008CF78B /* MJExtensionConst.m in Sources */ = {isa = PBXBuildFile; fileRef = 2D0BE18D2E81431A008CF78B /* MJExtensionConst.m */; };
		2D0BE1A72E81431A008CF78B /* NSObject+MJCoding.m in Sources */ = {isa = PBXBuildFile; fileRef = 2D0BE1992E81431A008CF78B /* NSObject+MJCoding.m */; };
		2D0BE1A82E81431A008CF78B /* MJPropertyKey.m in Sources */ = {isa = PBXBuildFile; fileRef = 2D0BE1932E81431A008CF78B /* MJPropertyKey.m */; };
		2D0BE1A92E81431A008CF78B /* MJFoundation.m in Sources */ = {isa = PBXBuildFile; fileRef = 2D0BE18F2E81431A008CF78B /* MJFoundation.m */; };
		2D0BE1AA2E81431A008CF78B /* MJPropertyType.m in Sources */ = {isa = PBXBuildFile; fileRef = 2D0BE1952E81431A008CF78B /* MJPropertyType.m */; };
		2D0BE1AE2E814487008CF78B /* NSObject+CellsysObject.m in Sources */ = {isa = PBXBuildFile; fileRef = 2D0BE1AD2E814487008CF78B /* NSObject+CellsysObject.m */; };
		2D0BE1B12E814851008CF78B /* CellsysMarker.m in Sources */ = {isa = PBXBuildFile; fileRef = 2D0BE1B02E814851008CF78B /* CellsysMarker.m */; };
		2D0BE1B42E81498F008CF78B /* CellsysStyle.m in Sources */ = {isa = PBXBuildFile; fileRef = 2D0BE1B32E81498F008CF78B /* CellsysStyle.m */; };
		2D62DC1025DE4DF400A05E5E /* nahuoLoading.gif in Resources */ = {isa = PBXBuildFile; fileRef = 2D62DC0F25DE4DF400A05E5E /* nahuoLoading.gif */; };
		2DA117B92E98DD9A002BBDD3 /* CellsysBLEMsgBodyList.m in Sources */ = {isa = PBXBuildFile; fileRef = 2DA117B82E98DD9A002BBDD3 /* CellsysBLEMsgBodyList.m */; };
		2DAE1CD32E8238C8008B413E /* CellsysMsgServer.m in Sources */ = {isa = PBXBuildFile; fileRef = 2DAE1CD12E8238C8008B413E /* CellsysMsgServer.m */; };
		2DAE1CDD2E823952008B413E /* CellsysMessageController.m in Sources */ = {isa = PBXBuildFile; fileRef = 2DAE1CD52E823952008B413E /* CellsysMessageController.m */; };
		2DAE1CDE2E823952008B413E /* CellsysMessageGenerator.m in Sources */ = {isa = PBXBuildFile; fileRef = 2DAE1CD72E823952008B413E /* CellsysMessageGenerator.m */; };
		2DAE1CDF2E823952008B413E /* CellsysMsgStatus.m in Sources */ = {isa = PBXBuildFile; fileRef = 2DAE1CDB2E823952008B413E /* CellsysMsgStatus.m */; };
		2DAE1CEA2E824023008B413E /* CSArchiveBaseModel.m in Sources */ = {isa = PBXBuildFile; fileRef = 2DAE1CE82E824023008B413E /* CSArchiveBaseModel.m */; };
		2DAE1CED2E8245D4008B413E /* CellsysBLEMsgController.m in Sources */ = {isa = PBXBuildFile; fileRef = 2DAE1CEC2E8245D4008B413E /* CellsysBLEMsgController.m */; };
		2DAE1CF32E824E2F008B413E /* MessageBodyListModel.m in Sources */ = {isa = PBXBuildFile; fileRef = 2DAE1CF12E824E2F008B413E /* MessageBodyListModel.m */; };
		2DAE1CF42E824E2F008B413E /* CellsysMessageBody.m in Sources */ = {isa = PBXBuildFile; fileRef = 2DAE1CEF2E824E2F008B413E /* CellsysMessageBody.m */; };
		2DAE1CFD2E8270EB008B413E /* CellsysBLEMsgBody.m in Sources */ = {isa = PBXBuildFile; fileRef = 2DAE1CFB2E8270EB008B413E /* CellsysBLEMsgBody.m */; };
		2DAE1D012E827CF0008B413E /* LocationTool.m in Sources */ = {isa = PBXBuildFile; fileRef = 2DAE1D002E827CF0008B413E /* LocationTool.m */; };
		2DEA410325D002E1008FA2A8 /* AppDelegate.m in Sources */ = {isa = PBXBuildFile; fileRef = 2DEA410225D002E1008FA2A8 /* AppDelegate.m */; };
		2DEA410625D002E1008FA2A8 /* SceneDelegate.m in Sources */ = {isa = PBXBuildFile; fileRef = 2DEA410525D002E1008FA2A8 /* SceneDelegate.m */; };
		2DEA410C25D002E1008FA2A8 /* Main.storyboard in Resources */ = {isa = PBXBuildFile; fileRef = 2DEA410A25D002E1008FA2A8 /* Main.storyboard */; };
		2DEA410E25D002E3008FA2A8 /* Assets.xcassets in Resources */ = {isa = PBXBuildFile; fileRef = 2DEA410D25D002E3008FA2A8 /* Assets.xcassets */; };
		2DEA411125D002E3008FA2A8 /* LaunchScreen.storyboard in Resources */ = {isa = PBXBuildFile; fileRef = 2DEA410F25D002E3008FA2A8 /* LaunchScreen.storyboard */; };
		2DEA411425D002E3008FA2A8 /* main.m in Sources */ = {isa = PBXBuildFile; fileRef = 2DEA411325D002E3008FA2A8 /* main.m */; };
		2DEA411E25D002E3008FA2A8 /* FrameTests.m in Sources */ = {isa = PBXBuildFile; fileRef = 2DEA411D25D002E3008FA2A8 /* FrameTests.m */; };
		2DEA412925D002E3008FA2A8 /* FrameUITests.m in Sources */ = {isa = PBXBuildFile; fileRef = 2DEA412825D002E3008FA2A8 /* FrameUITests.m */; };
		EF2BF7E6882DC4D4911E05D3 /* libPods-Frame.a in Frameworks */ = {isa = PBXBuildFile; fileRef = 03351BF5F8F17E8147C5D197 /* libPods-Frame.a */; };
/* End PBXBuildFile section */

/* Begin PBXContainerItemProxy section */
		2DEA411A25D002E3008FA2A8 /* PBXContainerItemProxy */ = {
			isa = PBXContainerItemProxy;
			containerPortal = 2DEA40F625D002E1008FA2A8 /* Project object */;
			proxyType = 1;
			remoteGlobalIDString = 2DEA40FD25D002E1008FA2A8;
			remoteInfo = Frame;
		};
		2DEA412525D002E3008FA2A8 /* PBXContainerItemProxy */ = {
			isa = PBXContainerItemProxy;
			containerPortal = 2DEA40F625D002E1008FA2A8 /* Project object */;
			proxyType = 1;
			remoteGlobalIDString = 2DEA40FD25D002E1008FA2A8;
			remoteInfo = Frame;
		};
/* End PBXContainerItemProxy section */

/* Begin PBXFileReference section */
		03351BF5F8F17E8147C5D197 /* libPods-Frame.a */ = {isa = PBXFileReference; explicitFileType = archive.ar; includeInIndex = 0; path = "libPods-Frame.a"; sourceTree = BUILT_PRODUCTS_DIR; };
		2D0BE1372E812451008CF78B /* Color.h */ = {isa = PBXFileReference; lastKnownFileType = sourcecode.c.h; path = Color.h; sourceTree = "<group>"; };
		2D0BE1382E812451008CF78B /* Color.m */ = {isa = PBXFileReference; lastKnownFileType = sourcecode.c.objc; path = Color.m; sourceTree = "<group>"; };
		2D0BE1392E812451008CF78B /* UIColor+Hex.h */ = {isa = PBXFileReference; lastKnownFileType = sourcecode.c.h; path = "UIColor+Hex.h"; sourceTree = "<group>"; };
		2D0BE13A2E812451008CF78B /* UIColor+Hex.m */ = {isa = PBXFileReference; lastKnownFileType = sourcecode.c.objc; path = "UIColor+Hex.m"; sourceTree = "<group>"; };
		2D0BE13C2E812451008CF78B /* FHXNavigationController.h */ = {isa = PBXFileReference; lastKnownFileType = sourcecode.c.h; path = FHXNavigationController.h; sourceTree = "<group>"; };
		2D0BE13D2E812451008CF78B /* FHXNavigationController.m */ = {isa = PBXFileReference; lastKnownFileType = sourcecode.c.objc; path = FHXNavigationController.m; sourceTree = "<group>"; };
		2D0BE13E2E812451008CF78B /* FHXTabBarController.h */ = {isa = PBXFileReference; lastKnownFileType = sourcecode.c.h; path = FHXTabBarController.h; sourceTree = "<group>"; };
		2D0BE13F2E812451008CF78B /* FHXTabBarController.m */ = {isa = PBXFileReference; lastKnownFileType = sourcecode.c.objc; path = FHXTabBarController.m; sourceTree = "<group>"; };
		2D0BE1412E812451008CF78B /* UIImage+FHXImage.h */ = {isa = PBXFileReference; lastKnownFileType = sourcecode.c.h; path = "UIImage+FHXImage.h"; sourceTree = "<group>"; };
		2D0BE1422E812451008CF78B /* UIImage+FHXImage.m */ = {isa = PBXFileReference; lastKnownFileType = sourcecode.c.objc; path = "UIImage+FHXImage.m"; sourceTree = "<group>"; };
		2D0BE1492E8124DC008CF78B /* BrowseViewController.h */ = {isa = PBXFileReference; lastKnownFileType = sourcecode.c.h; path = BrowseViewController.h; sourceTree = "<group>"; };
		2D0BE14A2E8124DC008CF78B /* BrowseViewController.m */ = {isa = PBXFileReference; lastKnownFileType = sourcecode.c.objc; path = BrowseViewController.m; sourceTree = "<group>"; };
		2D0BE14B2E8124DC008CF78B /* HomeViewController.h */ = {isa = PBXFileReference; lastKnownFileType = sourcecode.c.h; path = HomeViewController.h; sourceTree = "<group>"; };
		2D0BE14C2E8124DC008CF78B /* HomeViewController.m */ = {isa = PBXFileReference; lastKnownFileType = sourcecode.c.objc; path = HomeViewController.m; sourceTree = "<group>"; };
		2D0BE14D2E8124DC008CF78B /* NewViewController.h */ = {isa = PBXFileReference; lastKnownFileType = sourcecode.c.h; path = NewViewController.h; sourceTree = "<group>"; };
		2D0BE14E2E8124DC008CF78B /* NewViewController.m */ = {isa = PBXFileReference; lastKnownFileType = sourcecode.c.objc; path = NewViewController.m; sourceTree = "<group>"; };
		2D0BE15A2E812C1D008CF78B /* CellsysBLEClient.h */ = {isa = PBXFileReference; lastKnownFileType = sourcecode.c.h; path = CellsysBLEClient.h; sourceTree = "<group>"; };
		2D0BE15B2E812C1D008CF78B /* CellsysBLEClient.m */ = {isa = PBXFileReference; lastKnownFileType = sourcecode.c.objc; path = CellsysBLEClient.m; sourceTree = "<group>"; };
		2D0BE15F2E812D2B008CF78B /* CellsysPeripheralInfo.h */ = {isa = PBXFileReference; lastKnownFileType = sourcecode.c.h; path = CellsysPeripheralInfo.h; sourceTree = "<group>"; };
		2D0BE1602E812D2B008CF78B /* CellsysPeripheralInfo.m */ = {isa = PBXFileReference; lastKnownFileType = sourcecode.c.objc; path = CellsysPeripheralInfo.m; sourceTree = "<group>"; };
		2D0BE1672E8132A3008CF78B /* NSString+CellsysString.h */ = {isa = PBXFileReference; lastKnownFileType = sourcecode.c.h; path = "NSString+CellsysString.h"; sourceTree = "<group>"; };
		2D0BE1682E8132A3008CF78B /* NSString+CellsysString.m */ = {isa = PBXFileReference; lastKnownFileType = sourcecode.c.objc; path = "NSString+CellsysString.m"; sourceTree = "<group>"; };
		2D0BE16A2E8134AB008CF78B /* GetVC.h */ = {isa = PBXFileReference; lastKnownFileType = sourcecode.c.h; path = GetVC.h; sourceTree = "<group>"; };
		2D0BE16B2E8134AB008CF78B /* GetVC.m */ = {isa = PBXFileReference; lastKnownFileType = sourcecode.c.objc; path = GetVC.m; sourceTree = "<group>"; };
		2D0BE16F2E813577008CF78B /* NSData+CellsysData.h */ = {isa = PBXFileReference; lastKnownFileType = sourcecode.c.h; path = "NSData+CellsysData.h"; sourceTree = "<group>"; };
		2D0BE1702E813577008CF78B /* NSData+CellsysData.m */ = {isa = PBXFileReference; lastKnownFileType = sourcecode.c.objc; path = "NSData+CellsysData.m"; sourceTree = "<group>"; };
		2D0BE1722E81372E008CF78B /* CellsysUserNotifications.h */ = {isa = PBXFileReference; lastKnownFileType = sourcecode.c.h; path = CellsysUserNotifications.h; sourceTree = "<group>"; };
		2D0BE1732E81372E008CF78B /* CellsysUserNotifications.m */ = {isa = PBXFileReference; lastKnownFileType = sourcecode.c.objc; path = CellsysUserNotifications.m; sourceTree = "<group>"; };
		2D0BE1772E813B05008CF78B /* NSDate+CellsysDate.h */ = {isa = PBXFileReference; lastKnownFileType = sourcecode.c.h; path = "NSDate+CellsysDate.h"; sourceTree = "<group>"; };
		2D0BE1782E813B05008CF78B /* NSDate+CellsysDate.m */ = {isa = PBXFileReference; lastKnownFileType = sourcecode.c.objc; path = "NSDate+CellsysDate.m"; sourceTree = "<group>"; };
		2D0BE17A2E813E18008CF78B /* CellsysGeometry.h */ = {isa = PBXFileReference; lastKnownFileType = sourcecode.c.h; path = CellsysGeometry.h; sourceTree = "<group>"; };
		2D0BE17B2E813E18008CF78B /* CellsysGeometry.m */ = {isa = PBXFileReference; lastKnownFileType = sourcecode.c.objc; path = CellsysGeometry.m; sourceTree = "<group>"; };
		2D0BE17D2E813F09008CF78B /* GeometryType.h */ = {isa = PBXFileReference; lastKnownFileType = sourcecode.c.h; path = GeometryType.h; sourceTree = "<group>"; };
		2D0BE17E2E813F09008CF78B /* GeometryType.m */ = {isa = PBXFileReference; lastKnownFileType = sourcecode.c.objc; path = GeometryType.m; sourceTree = "<group>"; };
		2D0BE1802E813F78008CF78B /* Single.h */ = {isa = PBXFileReference; lastKnownFileType = sourcecode.c.h; path = Single.h; sourceTree = "<group>"; };
		2D0BE1812E813F78008CF78B /* Single.m */ = {isa = PBXFileReference; lastKnownFileType = sourcecode.c.objc; path = Single.m; sourceTree = "<group>"; };
		2D0BE1842E814166008CF78B /* JZLocationConverter.h */ = {isa = PBXFileReference; lastKnownFileType = sourcecode.c.h; path = JZLocationConverter.h; sourceTree = "<group>"; };
		2D0BE1852E814166008CF78B /* JZLocationConverter.m */ = {isa = PBXFileReference; lastKnownFileType = sourcecode.c.objc; path = JZLocationConverter.m; sourceTree = "<group>"; };
		2D0BE1882E8142AB008CF78B /* CellsysMember.h */ = {isa = PBXFileReference; lastKnownFileType = sourcecode.c.h; path = CellsysMember.h; sourceTree = "<group>"; };
		2D0BE1892E8142AB008CF78B /* CellsysMember.m */ = {isa = PBXFileReference; lastKnownFileType = sourcecode.c.objc; path = CellsysMember.m; sourceTree = "<group>"; };
		2D0BE18B2E81431A008CF78B /* MJExtension.h */ = {isa = PBXFileReference; lastKnownFileType = sourcecode.c.h; path = MJExtension.h; sourceTree = "<group>"; };
		2D0BE18C2E81431A008CF78B /* MJExtensionConst.h */ = {isa = PBXFileReference; lastKnownFileType = sourcecode.c.h; path = MJExtensionConst.h; sourceTree = "<group>"; };
		2D0BE18D2E81431A008CF78B /* MJExtensionConst.m */ = {isa = PBXFileReference; lastKnownFileType = sourcecode.c.objc; path = MJExtensionConst.m; sourceTree = "<group>"; };
		2D0BE18E2E81431A008CF78B /* MJFoundation.h */ = {isa = PBXFileReference; lastKnownFileType = sourcecode.c.h; path = MJFoundation.h; sourceTree = "<group>"; };
		2D0BE18F2E81431A008CF78B /* MJFoundation.m */ = {isa = PBXFileReference; lastKnownFileType = sourcecode.c.objc; path = MJFoundation.m; sourceTree = "<group>"; };
		2D0BE1902E81431A008CF78B /* MJProperty.h */ = {isa = PBXFileReference; lastKnownFileType = sourcecode.c.h; path = MJProperty.h; sourceTree = "<group>"; };
		2D0BE1912E81431A008CF78B /* MJProperty.m */ = {isa = PBXFileReference; lastKnownFileType = sourcecode.c.objc; path = MJProperty.m; sourceTree = "<group>"; };
		2D0BE1922E81431A008CF78B /* MJPropertyKey.h */ = {isa = PBXFileReference; lastKnownFileType = sourcecode.c.h; path = MJPropertyKey.h; sourceTree = "<group>"; };
		2D0BE1932E81431A008CF78B /* MJPropertyKey.m */ = {isa = PBXFileReference; lastKnownFileType = sourcecode.c.objc; path = MJPropertyKey.m; sourceTree = "<group>"; };
		2D0BE1942E81431A008CF78B /* MJPropertyType.h */ = {isa = PBXFileReference; lastKnownFileType = sourcecode.c.h; path = MJPropertyType.h; sourceTree = "<group>"; };
		2D0BE1952E81431A008CF78B /* MJPropertyType.m */ = {isa = PBXFileReference; lastKnownFileType = sourcecode.c.objc; path = MJPropertyType.m; sourceTree = "<group>"; };
		2D0BE1962E81431A008CF78B /* NSObject+MJClass.h */ = {isa = PBXFileReference; lastKnownFileType = sourcecode.c.h; path = "NSObject+MJClass.h"; sourceTree = "<group>"; };
		2D0BE1972E81431A008CF78B /* NSObject+MJClass.m */ = {isa = PBXFileReference; lastKnownFileType = sourcecode.c.objc; path = "NSObject+MJClass.m"; sourceTree = "<group>"; };
		2D0BE1982E81431A008CF78B /* NSObject+MJCoding.h */ = {isa = PBXFileReference; lastKnownFileType = sourcecode.c.h; path = "NSObject+MJCoding.h"; sourceTree = "<group>"; };
		2D0BE1992E81431A008CF78B /* NSObject+MJCoding.m */ = {isa = PBXFileReference; lastKnownFileType = sourcecode.c.objc; path = "NSObject+MJCoding.m"; sourceTree = "<group>"; };
		2D0BE19A2E81431A008CF78B /* NSObject+MJKeyValue.h */ = {isa = PBXFileReference; lastKnownFileType = sourcecode.c.h; path = "NSObject+MJKeyValue.h"; sourceTree = "<group>"; };
		2D0BE19B2E81431A008CF78B /* NSObject+MJKeyValue.m */ = {isa = PBXFileReference; lastKnownFileType = sourcecode.c.objc; path = "NSObject+MJKeyValue.m"; sourceTree = "<group>"; };
		2D0BE19C2E81431A008CF78B /* NSObject+MJProperty.h */ = {isa = PBXFileReference; lastKnownFileType = sourcecode.c.h; path = "NSObject+MJProperty.h"; sourceTree = "<group>"; };
		2D0BE19D2E81431A008CF78B /* NSObject+MJProperty.m */ = {isa = PBXFileReference; lastKnownFileType = sourcecode.c.objc; path = "NSObject+MJProperty.m"; sourceTree = "<group>"; };
		2D0BE19E2E81431A008CF78B /* NSString+MJExtension.h */ = {isa = PBXFileReference; lastKnownFileType = sourcecode.c.h; path = "NSString+MJExtension.h"; sourceTree = "<group>"; };
		2D0BE19F2E81431A008CF78B /* NSString+MJExtension.m */ = {isa = PBXFileReference; lastKnownFileType = sourcecode.c.objc; path = "NSString+MJExtension.m"; sourceTree = "<group>"; };
		2D0BE1AC2E814487008CF78B /* NSObject+CellsysObject.h */ = {isa = PBXFileReference; lastKnownFileType = sourcecode.c.h; path = "NSObject+CellsysObject.h"; sourceTree = "<group>"; };
		2D0BE1AD2E814487008CF78B /* NSObject+CellsysObject.m */ = {isa = PBXFileReference; lastKnownFileType = sourcecode.c.objc; path = "NSObject+CellsysObject.m"; sourceTree = "<group>"; };
		2D0BE1AF2E814851008CF78B /* CellsysMarker.h */ = {isa = PBXFileReference; lastKnownFileType = sourcecode.c.h; path = CellsysMarker.h; sourceTree = "<group>"; };
		2D0BE1B02E814851008CF78B /* CellsysMarker.m */ = {isa = PBXFileReference; lastKnownFileType = sourcecode.c.objc; path = CellsysMarker.m; sourceTree = "<group>"; };
		2D0BE1B22E81498F008CF78B /* CellsysStyle.h */ = {isa = PBXFileReference; lastKnownFileType = sourcecode.c.h; path = CellsysStyle.h; sourceTree = "<group>"; };
		2D0BE1B32E81498F008CF78B /* CellsysStyle.m */ = {isa = PBXFileReference; lastKnownFileType = sourcecode.c.objc; path = CellsysStyle.m; sourceTree = "<group>"; };
		2D62DC0F25DE4DF400A05E5E /* nahuoLoading.gif */ = {isa = PBXFileReference; lastKnownFileType = image.gif; path = nahuoLoading.gif; sourceTree = "<group>"; };
		2DA117B72E98DD9A002BBDD3 /* CellsysBLEMsgBodyList.h */ = {isa = PBXFileReference; lastKnownFileType = sourcecode.c.h; path = CellsysBLEMsgBodyList.h; sourceTree = "<group>"; };
		2DA117B82E98DD9A002BBDD3 /* CellsysBLEMsgBodyList.m */ = {isa = PBXFileReference; lastKnownFileType = sourcecode.c.objc; path = CellsysBLEMsgBodyList.m; sourceTree = "<group>"; };
		2DAE1CD02E8238C8008B413E /* CellsysMsgServer.h */ = {isa = PBXFileReference; lastKnownFileType = sourcecode.c.h; path = CellsysMsgServer.h; sourceTree = "<group>"; };
		2DAE1CD12E8238C8008B413E /* CellsysMsgServer.m */ = {isa = PBXFileReference; lastKnownFileType = sourcecode.c.objc; path = CellsysMsgServer.m; sourceTree = "<group>"; };
		2DAE1CD42E823952008B413E /* CellsysMessageController.h */ = {isa = PBXFileReference; lastKnownFileType = sourcecode.c.h; path = CellsysMessageController.h; sourceTree = "<group>"; };
		2DAE1CD52E823952008B413E /* CellsysMessageController.m */ = {isa = PBXFileReference; lastKnownFileType = sourcecode.c.objc; path = CellsysMessageController.m; sourceTree = "<group>"; };
		2DAE1CD62E823952008B413E /* CellsysMessageGenerator.h */ = {isa = PBXFileReference; lastKnownFileType = sourcecode.c.h; path = CellsysMessageGenerator.h; sourceTree = "<group>"; };
		2DAE1CD72E823952008B413E /* CellsysMessageGenerator.m */ = {isa = PBXFileReference; lastKnownFileType = sourcecode.c.objc; path = CellsysMessageGenerator.m; sourceTree = "<group>"; };
		2DAE1CDA2E823952008B413E /* CellsysMsgStatus.h */ = {isa = PBXFileReference; lastKnownFileType = sourcecode.c.h; path = CellsysMsgStatus.h; sourceTree = "<group>"; };
		2DAE1CDB2E823952008B413E /* CellsysMsgStatus.m */ = {isa = PBXFileReference; lastKnownFileType = sourcecode.c.objc; path = CellsysMsgStatus.m; sourceTree = "<group>"; };
		2DAE1CE72E824023008B413E /* CSArchiveBaseModel.h */ = {isa = PBXFileReference; lastKnownFileType = sourcecode.c.h; path = CSArchiveBaseModel.h; sourceTree = "<group>"; };
		2DAE1CE82E824023008B413E /* CSArchiveBaseModel.m */ = {isa = PBXFileReference; lastKnownFileType = sourcecode.c.objc; path = CSArchiveBaseModel.m; sourceTree = "<group>"; };
		2DAE1CEB2E8245D4008B413E /* CellsysBLEMsgController.h */ = {isa = PBXFileReference; lastKnownFileType = sourcecode.c.h; path = CellsysBLEMsgController.h; sourceTree = "<group>"; };
		2DAE1CEC2E8245D4008B413E /* CellsysBLEMsgController.m */ = {isa = PBXFileReference; lastKnownFileType = sourcecode.c.objc; path = CellsysBLEMsgController.m; sourceTree = "<group>"; };
		2DAE1CEE2E824E2F008B413E /* CellsysMessageBody.h */ = {isa = PBXFileReference; lastKnownFileType = sourcecode.c.h; path = CellsysMessageBody.h; sourceTree = "<group>"; };
		2DAE1CEF2E824E2F008B413E /* CellsysMessageBody.m */ = {isa = PBXFileReference; lastKnownFileType = sourcecode.c.objc; path = CellsysMessageBody.m; sourceTree = "<group>"; };
		2DAE1CF02E824E2F008B413E /* MessageBodyListModel.h */ = {isa = PBXFileReference; lastKnownFileType = sourcecode.c.h; path = MessageBodyListModel.h; sourceTree = "<group>"; };
		2DAE1CF12E824E2F008B413E /* MessageBodyListModel.m */ = {isa = PBXFileReference; lastKnownFileType = sourcecode.c.objc; path = MessageBodyListModel.m; sourceTree = "<group>"; };
		2DAE1CFA2E8270EB008B413E /* CellsysBLEMsgBody.h */ = {isa = PBXFileReference; lastKnownFileType = sourcecode.c.h; path = CellsysBLEMsgBody.h; sourceTree = "<group>"; };
		2DAE1CFB2E8270EB008B413E /* CellsysBLEMsgBody.m */ = {isa = PBXFileReference; lastKnownFileType = sourcecode.c.objc; path = CellsysBLEMsgBody.m; sourceTree = "<group>"; };
		2DAE1CFF2E827CF0008B413E /* LocationTool.h */ = {isa = PBXFileReference; lastKnownFileType = sourcecode.c.h; path = LocationTool.h; sourceTree = "<group>"; };
		2DAE1D002E827CF0008B413E /* LocationTool.m */ = {isa = PBXFileReference; lastKnownFileType = sourcecode.c.objc; path = LocationTool.m; sourceTree = "<group>"; };
		2DD6F7B225E33DAA00422046 /* CocoaPodHeader.h */ = {isa = PBXFileReference; lastKnownFileType = sourcecode.c.h; path = CocoaPodHeader.h; sourceTree = "<group>"; };
		2DEA40FE25D002E1008FA2A8 /* Frame.app */ = {isa = PBXFileReference; explicitFileType = wrapper.application; includeInIndex = 0; path = Frame.app; sourceTree = BUILT_PRODUCTS_DIR; };
		2DEA410125D002E1008FA2A8 /* AppDelegate.h */ = {isa = PBXFileReference; lastKnownFileType = sourcecode.c.h; path = AppDelegate.h; sourceTree = "<group>"; };
		2DEA410225D002E1008FA2A8 /* AppDelegate.m */ = {isa = PBXFileReference; lastKnownFileType = sourcecode.c.objc; path = AppDelegate.m; sourceTree = "<group>"; };
		2DEA410425D002E1008FA2A8 /* SceneDelegate.h */ = {isa = PBXFileReference; lastKnownFileType = sourcecode.c.h; path = SceneDelegate.h; sourceTree = "<group>"; };
		2DEA410525D002E1008FA2A8 /* SceneDelegate.m */ = {isa = PBXFileReference; lastKnownFileType = sourcecode.c.objc; path = SceneDelegate.m; sourceTree = "<group>"; };
		2DEA410B25D002E1008FA2A8 /* Base */ = {isa = PBXFileReference; lastKnownFileType = file.storyboard; name = Base; path = Base.lproj/Main.storyboard; sourceTree = "<group>"; };
		2DEA410D25D002E3008FA2A8 /* Assets.xcassets */ = {isa = PBXFileReference; lastKnownFileType = folder.assetcatalog; path = Assets.xcassets; sourceTree = "<group>"; };
		2DEA411025D002E3008FA2A8 /* Base */ = {isa = PBXFileReference; lastKnownFileType = file.storyboard; name = Base; path = Base.lproj/LaunchScreen.storyboard; sourceTree = "<group>"; };
		2DEA411225D002E3008FA2A8 /* Info.plist */ = {isa = PBXFileReference; lastKnownFileType = text.plist.xml; path = Info.plist; sourceTree = "<group>"; };
		2DEA411325D002E3008FA2A8 /* main.m */ = {isa = PBXFileReference; lastKnownFileType = sourcecode.c.objc; path = main.m; sourceTree = "<group>"; };
		2DEA411925D002E3008FA2A8 /* FrameTests.xctest */ = {isa = PBXFileReference; explicitFileType = wrapper.cfbundle; includeInIndex = 0; path = FrameTests.xctest; sourceTree = BUILT_PRODUCTS_DIR; };
		2DEA411D25D002E3008FA2A8 /* FrameTests.m */ = {isa = PBXFileReference; lastKnownFileType = sourcecode.c.objc; path = FrameTests.m; sourceTree = "<group>"; };
		2DEA411F25D002E3008FA2A8 /* Info.plist */ = {isa = PBXFileReference; lastKnownFileType = text.plist.xml; path = Info.plist; sourceTree = "<group>"; };
		2DEA412425D002E3008FA2A8 /* FrameUITests.xctest */ = {isa = PBXFileReference; explicitFileType = wrapper.cfbundle; includeInIndex = 0; path = FrameUITests.xctest; sourceTree = BUILT_PRODUCTS_DIR; };
		2DEA412825D002E3008FA2A8 /* FrameUITests.m */ = {isa = PBXFileReference; lastKnownFileType = sourcecode.c.objc; path = FrameUITests.m; sourceTree = "<group>"; };
		2DEA412A25D002E3008FA2A8 /* Info.plist */ = {isa = PBXFileReference; lastKnownFileType = text.plist.xml; path = Info.plist; sourceTree = "<group>"; };
		2DEA414925D006DB008FA2A8 /* Frame-Bridging-Header.pch */ = {isa = PBXFileReference; lastKnownFileType = sourcecode.c.h; path = "Frame-Bridging-Header.pch"; sourceTree = "<group>"; };
		2DEA414A25D0079B008FA2A8 /* Frame-Bridging-Header.h */ = {isa = PBXFileReference; lastKnownFileType = sourcecode.c.h; path = "Frame-Bridging-Header.h"; sourceTree = "<group>"; };
		2DEA417525D0101F008FA2A8 /* ExtensionHeader.h */ = {isa = PBXFileReference; lastKnownFileType = sourcecode.c.h; path = ExtensionHeader.h; sourceTree = "<group>"; };
		2DFB30F325D15AF400F74164 /* OveralHeader.h */ = {isa = PBXFileReference; lastKnownFileType = sourcecode.c.h; path = OveralHeader.h; sourceTree = "<group>"; };
		31505FBBC6600852BC7E2D0F /* Pods-Frame.release.xcconfig */ = {isa = PBXFileReference; includeInIndex = 1; lastKnownFileType = text.xcconfig; name = "Pods-Frame.release.xcconfig"; path = "Target Support Files/Pods-Frame/Pods-Frame.release.xcconfig"; sourceTree = "<group>"; };
		61AE22E663010AFFE916651C /* Pods-Frame.debug.xcconfig */ = {isa = PBXFileReference; includeInIndex = 1; lastKnownFileType = text.xcconfig; name = "Pods-Frame.debug.xcconfig"; path = "Target Support Files/Pods-Frame/Pods-Frame.debug.xcconfig"; sourceTree = "<group>"; };
/* End PBXFileReference section */

/* Begin PBXFrameworksBuildPhase section */
		2DEA40FB25D002E1008FA2A8 /* Frameworks */ = {
			isa = PBXFrameworksBuildPhase;
			buildActionMask = 2147483647;
			files = (
				EF2BF7E6882DC4D4911E05D3 /* libPods-Frame.a in Frameworks */,
			);
			runOnlyForDeploymentPostprocessing = 0;
		};
		2DEA411625D002E3008FA2A8 /* Frameworks */ = {
			isa = PBXFrameworksBuildPhase;
			buildActionMask = 2147483647;
			files = (
			);
			runOnlyForDeploymentPostprocessing = 0;
		};
		2DEA412125D002E3008FA2A8 /* Frameworks */ = {
			isa = PBXFrameworksBuildPhase;
			buildActionMask = 2147483647;
			files = (
			);
			runOnlyForDeploymentPostprocessing = 0;
		};
/* End PBXFrameworksBuildPhase section */

/* Begin PBXGroup section */
		2D0BE13B2E812451008CF78B /* Color */ = {
			isa = PBXGroup;
			children = (
				2D0BE1372E812451008CF78B /* Color.h */,
				2D0BE1382E812451008CF78B /* Color.m */,
				2D0BE1392E812451008CF78B /* UIColor+Hex.h */,
				2D0BE13A2E812451008CF78B /* UIColor+Hex.m */,
			);
			path = Color;
			sourceTree = "<group>";
		};
		2D0BE1402E812451008CF78B /* Navi+TarBar */ = {
			isa = PBXGroup;
			children = (
				2D0BE13C2E812451008CF78B /* FHXNavigationController.h */,
				2D0BE13D2E812451008CF78B /* FHXNavigationController.m */,
				2D0BE13E2E812451008CF78B /* FHXTabBarController.h */,
				2D0BE13F2E812451008CF78B /* FHXTabBarController.m */,
			);
			path = "Navi+TarBar";
			sourceTree = "<group>";
		};
		2D0BE1432E812451008CF78B /* UIImage */ = {
			isa = PBXGroup;
			children = (
				2D0BE1412E812451008CF78B /* UIImage+FHXImage.h */,
				2D0BE1422E812451008CF78B /* UIImage+FHXImage.m */,
			);
			path = UIImage;
			sourceTree = "<group>";
		};
		2D0BE14F2E8124DC008CF78B /* TabbarVC */ = {
			isa = PBXGroup;
			children = (
				2D0BE1492E8124DC008CF78B /* BrowseViewController.h */,
				2D0BE14A2E8124DC008CF78B /* BrowseViewController.m */,
				2D0BE14B2E8124DC008CF78B /* HomeViewController.h */,
				2D0BE14C2E8124DC008CF78B /* HomeViewController.m */,
				2D0BE14D2E8124DC008CF78B /* NewViewController.h */,
				2D0BE14E2E8124DC008CF78B /* NewViewController.m */,
			);
			path = TabbarVC;
			sourceTree = "<group>";
		};
		2D0BE1532E8129AF008CF78B /* BluetoothManager */ = {
			isa = PBXGroup;
			children = (
				2D0BE15A2E812C1D008CF78B /* CellsysBLEClient.h */,
				2D0BE15B2E812C1D008CF78B /* CellsysBLEClient.m */,
				2DAE1CEB2E8245D4008B413E /* CellsysBLEMsgController.h */,
				2DAE1CEC2E8245D4008B413E /* CellsysBLEMsgController.m */,
				2D0BE1612E812D2B008CF78B /* Model */,
			);
			path = BluetoothManager;
			sourceTree = "<group>";
		};
		2D0BE1612E812D2B008CF78B /* Model */ = {
			isa = PBXGroup;
			children = (
				2DAE1CFC2E8270EB008B413E /* BLEMsgBody */,
				2D0BE15F2E812D2B008CF78B /* CellsysPeripheralInfo.h */,
				2D0BE1602E812D2B008CF78B /* CellsysPeripheralInfo.m */,
				2D0BE17A2E813E18008CF78B /* CellsysGeometry.h */,
				2D0BE17B2E813E18008CF78B /* CellsysGeometry.m */,
				2D0BE17D2E813F09008CF78B /* GeometryType.h */,
				2D0BE17E2E813F09008CF78B /* GeometryType.m */,
				2D0BE1882E8142AB008CF78B /* CellsysMember.h */,
				2D0BE1892E8142AB008CF78B /* CellsysMember.m */,
				2D0BE1AF2E814851008CF78B /* CellsysMarker.h */,
				2D0BE1B02E814851008CF78B /* CellsysMarker.m */,
				2D0BE1B22E81498F008CF78B /* CellsysStyle.h */,
				2D0BE1B32E81498F008CF78B /* CellsysStyle.m */,
			);
			path = Model;
			sourceTree = "<group>";
		};
		2D0BE1662E813284008CF78B /* NSString */ = {
			isa = PBXGroup;
			children = (
				2D0BE1672E8132A3008CF78B /* NSString+CellsysString.h */,
				2D0BE1682E8132A3008CF78B /* NSString+CellsysString.m */,
			);
			path = NSString;
			sourceTree = "<group>";
		};
		2D0BE16C2E8134AB008CF78B /* GetVC */ = {
			isa = PBXGroup;
			children = (
				2D0BE16A2E8134AB008CF78B /* GetVC.h */,
				2D0BE16B2E8134AB008CF78B /* GetVC.m */,
			);
			path = GetVC;
			sourceTree = "<group>";
		};
		2D0BE16E2E81353B008CF78B /* NSData */ = {
			isa = PBXGroup;
			children = (
				2D0BE16F2E813577008CF78B /* NSData+CellsysData.h */,
				2D0BE1702E813577008CF78B /* NSData+CellsysData.m */,
			);
			path = NSData;
			sourceTree = "<group>";
		};
		2D0BE1742E81372E008CF78B /* Notifications */ = {
			isa = PBXGroup;
			children = (
				2D0BE1722E81372E008CF78B /* CellsysUserNotifications.h */,
				2D0BE1732E81372E008CF78B /* CellsysUserNotifications.m */,
			);
			path = Notifications;
			sourceTree = "<group>";
		};
		2D0BE1762E813ADE008CF78B /* NSDate */ = {
			isa = PBXGroup;
			children = (
				2D0BE1772E813B05008CF78B /* NSDate+CellsysDate.h */,
				2D0BE1782E813B05008CF78B /* NSDate+CellsysDate.m */,
			);
			path = NSDate;
			sourceTree = "<group>";
		};
		2D0BE1822E813F78008CF78B /* Single */ = {
			isa = PBXGroup;
			children = (
				2D0BE1802E813F78008CF78B /* Single.h */,
				2D0BE1812E813F78008CF78B /* Single.m */,
			);
			path = Single;
			sourceTree = "<group>";
		};
		2D0BE1862E814166008CF78B /* JZLocationConverter */ = {
			isa = PBXGroup;
			children = (
				2D0BE1842E814166008CF78B /* JZLocationConverter.h */,
				2D0BE1852E814166008CF78B /* JZLocationConverter.m */,
			);
			path = JZLocationConverter;
			sourceTree = "<group>";
		};
		2D0BE1A02E81431A008CF78B /* MJExtension */ = {
			isa = PBXGroup;
			children = (
				2D0BE18B2E81431A008CF78B /* MJExtension.h */,
				2D0BE18C2E81431A008CF78B /* MJExtensionConst.h */,
				2D0BE18D2E81431A008CF78B /* MJExtensionConst.m */,
				2D0BE18E2E81431A008CF78B /* MJFoundation.h */,
				2D0BE18F2E81431A008CF78B /* MJFoundation.m */,
				2D0BE1902E81431A008CF78B /* MJProperty.h */,
				2D0BE1912E81431A008CF78B /* MJProperty.m */,
				2D0BE1922E81431A008CF78B /* MJPropertyKey.h */,
				2D0BE1932E81431A008CF78B /* MJPropertyKey.m */,
				2D0BE1942E81431A008CF78B /* MJPropertyType.h */,
				2D0BE1952E81431A008CF78B /* MJPropertyType.m */,
				2D0BE1962E81431A008CF78B /* NSObject+MJClass.h */,
				2D0BE1972E81431A008CF78B /* NSObject+MJClass.m */,
				2D0BE1982E81431A008CF78B /* NSObject+MJCoding.h */,
				2D0BE1992E81431A008CF78B /* NSObject+MJCoding.m */,
				2D0BE19A2E81431A008CF78B /* NSObject+MJKeyValue.h */,
				2D0BE19B2E81431A008CF78B /* NSObject+MJKeyValue.m */,
				2D0BE19C2E81431A008CF78B /* NSObject+MJProperty.h */,
				2D0BE19D2E81431A008CF78B /* NSObject+MJProperty.m */,
				2D0BE19E2E81431A008CF78B /* NSString+MJExtension.h */,
				2D0BE19F2E81431A008CF78B /* NSString+MJExtension.m */,
			);
			path = MJExtension;
			sourceTree = "<group>";
		};
		2D0BE1AB2E814451008CF78B /* NSObject */ = {
			isa = PBXGroup;
			children = (
				2D0BE1AC2E814487008CF78B /* NSObject+CellsysObject.h */,
				2D0BE1AD2E814487008CF78B /* NSObject+CellsysObject.m */,
			);
			path = NSObject;
			sourceTree = "<group>";
		};
		2DAE1CD22E8238C8008B413E /* MessageManager */ = {
			isa = PBXGroup;
			children = (
				2DAE1CD02E8238C8008B413E /* CellsysMsgServer.h */,
				2DAE1CD12E8238C8008B413E /* CellsysMsgServer.m */,
				2DAE1CD62E823952008B413E /* CellsysMessageGenerator.h */,
				2DAE1CD72E823952008B413E /* CellsysMessageGenerator.m */,
				2DAE1CD42E823952008B413E /* CellsysMessageController.h */,
				2DAE1CD52E823952008B413E /* CellsysMessageController.m */,
				2DAE1CDC2E823952008B413E /* Model */,
			);
			path = MessageManager;
			sourceTree = "<group>";
		};
		2DAE1CDC2E823952008B413E /* Model */ = {
			isa = PBXGroup;
			children = (
				2DAE1CF22E824E2F008B413E /* MessageBody */,
				2DAE1CDA2E823952008B413E /* CellsysMsgStatus.h */,
				2DAE1CDB2E823952008B413E /* CellsysMsgStatus.m */,
			);
			path = Model;
			sourceTree = "<group>";
		};
		2DAE1CE92E824023008B413E /* CSArchiveBaseModel */ = {
			isa = PBXGroup;
			children = (
				2DAE1CE72E824023008B413E /* CSArchiveBaseModel.h */,
				2DAE1CE82E824023008B413E /* CSArchiveBaseModel.m */,
			);
			path = CSArchiveBaseModel;
			sourceTree = "<group>";
		};
		2DAE1CF22E824E2F008B413E /* MessageBody */ = {
			isa = PBXGroup;
			children = (
				2DAE1CF02E824E2F008B413E /* MessageBodyListModel.h */,
				2DAE1CF12E824E2F008B413E /* MessageBodyListModel.m */,
				2DAE1CEE2E824E2F008B413E /* CellsysMessageBody.h */,
				2DAE1CEF2E824E2F008B413E /* CellsysMessageBody.m */,
			);
			path = MessageBody;
			sourceTree = "<group>";
		};
		2DAE1CFC2E8270EB008B413E /* BLEMsgBody */ = {
			isa = PBXGroup;
			children = (
				2DA117B72E98DD9A002BBDD3 /* CellsysBLEMsgBodyList.h */,
				2DA117B82E98DD9A002BBDD3 /* CellsysBLEMsgBodyList.m */,
				2DAE1CFA2E8270EB008B413E /* CellsysBLEMsgBody.h */,
				2DAE1CFB2E8270EB008B413E /* CellsysBLEMsgBody.m */,
			);
			path = BLEMsgBody;
			sourceTree = "<group>";
		};
		2DEA40F525D002E1008FA2A8 = {
			isa = PBXGroup;
			children = (
				2DEA410025D002E1008FA2A8 /* Frame */,
				2DEA411C25D002E3008FA2A8 /* FrameTests */,
				2DEA412725D002E3008FA2A8 /* FrameUITests */,
				2DEA40FF25D002E1008FA2A8 /* Products */,
				849D5BA33C2CA6FF4B21C53C /* Pods */,
				AD47FB299EBAC9C407FBC4F1 /* Frameworks */,
			);
			sourceTree = "<group>";
		};
		2DEA40FF25D002E1008FA2A8 /* Products */ = {
			isa = PBXGroup;
			children = (
				2DEA40FE25D002E1008FA2A8 /* Frame.app */,
				2DEA411925D002E3008FA2A8 /* FrameTests.xctest */,
				2DEA412425D002E3008FA2A8 /* FrameUITests.xctest */,
			);
			name = Products;
			sourceTree = "<group>";
		};
		2DEA410025D002E1008FA2A8 /* Frame */ = {
			isa = PBXGroup;
			children = (
				2DAE1CD22E8238C8008B413E /* MessageManager */,
				2D0BE1742E81372E008CF78B /* Notifications */,
				2D0BE1532E8129AF008CF78B /* BluetoothManager */,
				2D0BE14F2E8124DC008CF78B /* TabbarVC */,
				2DEA414725D0068E008FA2A8 /* Base */,
				2DEA410125D002E1008FA2A8 /* AppDelegate.h */,
				2DEA410225D002E1008FA2A8 /* AppDelegate.m */,
				2DEA410425D002E1008FA2A8 /* SceneDelegate.h */,
				2DEA410525D002E1008FA2A8 /* SceneDelegate.m */,
				2DAE1CFF2E827CF0008B413E /* LocationTool.h */,
				2DAE1D002E827CF0008B413E /* LocationTool.m */,
				2D62DC0F25DE4DF400A05E5E /* nahuoLoading.gif */,
				2DEA410A25D002E1008FA2A8 /* Main.storyboard */,
				2DEA410D25D002E3008FA2A8 /* Assets.xcassets */,
				2DEA410F25D002E3008FA2A8 /* LaunchScreen.storyboard */,
				2DEA411225D002E3008FA2A8 /* Info.plist */,
				2DEA411325D002E3008FA2A8 /* main.m */,
			);
			path = Frame;
			sourceTree = "<group>";
		};
		2DEA411C25D002E3008FA2A8 /* FrameTests */ = {
			isa = PBXGroup;
			children = (
				2DEA411D25D002E3008FA2A8 /* FrameTests.m */,
				2DEA411F25D002E3008FA2A8 /* Info.plist */,
			);
			path = FrameTests;
			sourceTree = "<group>";
		};
		2DEA412725D002E3008FA2A8 /* FrameUITests */ = {
			isa = PBXGroup;
			children = (
				2DEA412825D002E3008FA2A8 /* FrameUITests.m */,
				2DEA412A25D002E3008FA2A8 /* Info.plist */,
			);
			path = FrameUITests;
			sourceTree = "<group>";
		};
		2DEA414725D0068E008FA2A8 /* Base */ = {
			isa = PBXGroup;
			children = (
				2DAE1CE92E824023008B413E /* CSArchiveBaseModel */,
				2D0BE1AB2E814451008CF78B /* NSObject */,
				2D0BE1A02E81431A008CF78B /* MJExtension */,
				2D0BE1862E814166008CF78B /* JZLocationConverter */,
				2D0BE1822E813F78008CF78B /* Single */,
				2D0BE1762E813ADE008CF78B /* NSDate */,
				2D0BE16E2E81353B008CF78B /* NSData */,
				2D0BE16C2E8134AB008CF78B /* GetVC */,
				2DEA414825D0068E008FA2A8 /* BaseFile */,
				2D0BE13B2E812451008CF78B /* Color */,
				2D0BE1402E812451008CF78B /* Navi+TarBar */,
				2D0BE1432E812451008CF78B /* UIImage */,
				2D0BE1662E813284008CF78B /* NSString */,
			);
			path = Base;
			sourceTree = "<group>";
		};
		2DEA414825D0068E008FA2A8 /* BaseFile */ = {
			isa = PBXGroup;
			children = (
				2DD6F7B225E33DAA00422046 /* CocoaPodHeader.h */,
				2DFB30F325D15AF400F74164 /* OveralHeader.h */,
				2DEA414925D006DB008FA2A8 /* Frame-Bridging-Header.pch */,
				2DEA414A25D0079B008FA2A8 /* Frame-Bridging-Header.h */,
				2DEA417525D0101F008FA2A8 /* ExtensionHeader.h */,
			);
			path = BaseFile;
			sourceTree = "<group>";
		};
		849D5BA33C2CA6FF4B21C53C /* Pods */ = {
			isa = PBXGroup;
			children = (
				61AE22E663010AFFE916651C /* Pods-Frame.debug.xcconfig */,
				31505FBBC6600852BC7E2D0F /* Pods-Frame.release.xcconfig */,
			);
			path = Pods;
			sourceTree = "<group>";
		};
		AD47FB299EBAC9C407FBC4F1 /* Frameworks */ = {
			isa = PBXGroup;
			children = (
				03351BF5F8F17E8147C5D197 /* libPods-Frame.a */,
			);
			name = Frameworks;
			sourceTree = "<group>";
		};
/* End PBXGroup section */

/* Begin PBXNativeTarget section */
		2DEA40FD25D002E1008FA2A8 /* Frame */ = {
			isa = PBXNativeTarget;
			buildConfigurationList = 2DEA412D25D002E3008FA2A8 /* Build configuration list for PBXNativeTarget "Frame" */;
			buildPhases = (
				2D59FEC91375BC2E30F1E06B /* [CP] Check Pods Manifest.lock */,
				2DEA40FA25D002E1008FA2A8 /* Sources */,
				2DEA40FB25D002E1008FA2A8 /* Frameworks */,
				2DEA40FC25D002E1008FA2A8 /* Resources */,
				89FCE452AEB4DC65E7764F10 /* [CP] Copy Pods Resources */,
			);
			buildRules = (
			);
			dependencies = (
			);
			name = Frame;
			productName = Frame;
			productReference = 2DEA40FE25D002E1008FA2A8 /* Frame.app */;
			productType = "com.apple.product-type.application";
		};
		2DEA411825D002E3008FA2A8 /* FrameTests */ = {
			isa = PBXNativeTarget;
			buildConfigurationList = 2DEA413025D002E3008FA2A8 /* Build configuration list for PBXNativeTarget "FrameTests" */;
			buildPhases = (
				2DEA411525D002E3008FA2A8 /* Sources */,
				2DEA411625D002E3008FA2A8 /* Frameworks */,
				2DEA411725D002E3008FA2A8 /* Resources */,
			);
			buildRules = (
			);
			dependencies = (
				2DEA411B25D002E3008FA2A8 /* PBXTargetDependency */,
			);
			name = FrameTests;
			productName = FrameTests;
			productReference = 2DEA411925D002E3008FA2A8 /* FrameTests.xctest */;
			productType = "com.apple.product-type.bundle.unit-test";
		};
		2DEA412325D002E3008FA2A8 /* FrameUITests */ = {
			isa = PBXNativeTarget;
			buildConfigurationList = 2DEA413325D002E3008FA2A8 /* Build configuration list for PBXNativeTarget "FrameUITests" */;
			buildPhases = (
				2DEA412025D002E3008FA2A8 /* Sources */,
				2DEA412125D002E3008FA2A8 /* Frameworks */,
				2DEA412225D002E3008FA2A8 /* Resources */,
			);
			buildRules = (
			);
			dependencies = (
				2DEA412625D002E3008FA2A8 /* PBXTargetDependency */,
			);
			name = FrameUITests;
			productName = FrameUITests;
			productReference = 2DEA412425D002E3008FA2A8 /* FrameUITests.xctest */;
			productType = "com.apple.product-type.bundle.ui-testing";
		};
/* End PBXNativeTarget section */

/* Begin PBXProject section */
		2DEA40F625D002E1008FA2A8 /* Project object */ = {
			isa = PBXProject;
			attributes = {
				LastUpgradeCheck = 1240;
				TargetAttributes = {
					2DEA40FD25D002E1008FA2A8 = {
						CreatedOnToolsVersion = 12.4;
						LastSwiftMigration = 1240;
					};
					2DEA411825D002E3008FA2A8 = {
						CreatedOnToolsVersion = 12.4;
						TestTargetID = 2DEA40FD25D002E1008FA2A8;
					};
					2DEA412325D002E3008FA2A8 = {
						CreatedOnToolsVersion = 12.4;
						TestTargetID = 2DEA40FD25D002E1008FA2A8;
					};
				};
			};
			buildConfigurationList = 2DEA40F925D002E1008FA2A8 /* Build configuration list for PBXProject "Frame" */;
			compatibilityVersion = "Xcode 9.3";
			developmentRegion = en;
			hasScannedForEncodings = 0;
			knownRegions = (
				en,
				Base,
			);
			mainGroup = 2DEA40F525D002E1008FA2A8;
			productRefGroup = 2DEA40FF25D002E1008FA2A8 /* Products */;
			projectDirPath = "";
			projectRoot = "";
			targets = (
				2DEA40FD25D002E1008FA2A8 /* Frame */,
				2DEA411825D002E3008FA2A8 /* FrameTests */,
				2DEA412325D002E3008FA2A8 /* FrameUITests */,
			);
		};
/* End PBXProject section */

/* Begin PBXResourcesBuildPhase section */
		2DEA40FC25D002E1008FA2A8 /* Resources */ = {
			isa = PBXResourcesBuildPhase;
			buildActionMask = 2147483647;
			files = (
				2DEA411125D002E3008FA2A8 /* LaunchScreen.storyboard in Resources */,
				2DEA410E25D002E3008FA2A8 /* Assets.xcassets in Resources */,
				2D62DC1025DE4DF400A05E5E /* nahuoLoading.gif in Resources */,
				2DEA410C25D002E1008FA2A8 /* Main.storyboard in Resources */,
			);
			runOnlyForDeploymentPostprocessing = 0;
		};
		2DEA411725D002E3008FA2A8 /* Resources */ = {
			isa = PBXResourcesBuildPhase;
			buildActionMask = 2147483647;
			files = (
			);
			runOnlyForDeploymentPostprocessing = 0;
		};
		2DEA412225D002E3008FA2A8 /* Resources */ = {
			isa = PBXResourcesBuildPhase;
			buildActionMask = 2147483647;
			files = (
			);
			runOnlyForDeploymentPostprocessing = 0;
		};
/* End PBXResourcesBuildPhase section */

/* Begin PBXShellScriptBuildPhase section */
		2D59FEC91375BC2E30F1E06B /* [CP] Check Pods Manifest.lock */ = {
			isa = PBXShellScriptBuildPhase;
			buildActionMask = 2147483647;
			files = (
			);
			inputFileListPaths = (
			);
			inputPaths = (
				"${PODS_PODFILE_DIR_PATH}/Podfile.lock",
				"${PODS_ROOT}/Manifest.lock",
			);
			name = "[CP] Check Pods Manifest.lock";
			outputFileListPaths = (
			);
			outputPaths = (
				"$(DERIVED_FILE_DIR)/Pods-Frame-checkManifestLockResult.txt",
			);
			runOnlyForDeploymentPostprocessing = 0;
			shellPath = /bin/sh;
			shellScript = "diff \"${PODS_PODFILE_DIR_PATH}/Podfile.lock\" \"${PODS_ROOT}/Manifest.lock\" > /dev/null\nif [ $? != 0 ] ; then\n    # print error to STDERR\n    echo \"error: The sandbox is not in sync with the Podfile.lock. Run 'pod install' or update your CocoaPods installation.\" >&2\n    exit 1\nfi\n# This output is used by Xcode 'outputs' to avoid re-running this script phase.\necho \"SUCCESS\" > \"${SCRIPT_OUTPUT_FILE_0}\"\n";
			showEnvVarsInLog = 0;
		};
		89FCE452AEB4DC65E7764F10 /* [CP] Copy Pods Resources */ = {
			isa = PBXShellScriptBuildPhase;
			buildActionMask = 2147483647;
			files = (
			);
			inputFileListPaths = (
				"${PODS_ROOT}/Target Support Files/Pods-Frame/Pods-Frame-resources-${CONFIGURATION}-input-files.xcfilelist",
			);
			inputPaths = (
			);
			name = "[CP] Copy Pods Resources";
			outputFileListPaths = (
				"${PODS_ROOT}/Target Support Files/Pods-Frame/Pods-Frame-resources-${CONFIGURATION}-output-files.xcfilelist",
			);
			outputPaths = (
			);
			runOnlyForDeploymentPostprocessing = 0;
			shellPath = /bin/sh;
			shellScript = "\"${PODS_ROOT}/Target Support Files/Pods-Frame/Pods-Frame-resources.sh\"\n";
			showEnvVarsInLog = 0;
		};
/* End PBXShellScriptBuildPhase section */

/* Begin PBXSourcesBuildPhase section */
		2DEA40FA25D002E1008FA2A8 /* Sources */ = {
			isa = PBXSourcesBuildPhase;
			buildActionMask = 2147483647;
			files = (
				2DEA410325D002E1008FA2A8 /* AppDelegate.m in Sources */,
				2D0BE18A2E8142AB008CF78B /* CellsysMember.m in Sources */,
				2DAE1CF32E824E2F008B413E /* MessageBodyListModel.m in Sources */,
				2DAE1CF42E824E2F008B413E /* CellsysMessageBody.m in Sources */,
				2D0BE1B42E81498F008CF78B /* CellsysStyle.m in Sources */,
				2DA117B92E98DD9A002BBDD3 /* CellsysBLEMsgBodyList.m in Sources */,
				2D0BE1832E813F78008CF78B /* Single.m in Sources */,
				2D0BE1B12E814851008CF78B /* CellsysMarker.m in Sources */,
				2D0BE1442E812451008CF78B /* FHXNavigationController.m in Sources */,
				2DAE1D012E827CF0008B413E /* LocationTool.m in Sources */,
				2D0BE1452E812451008CF78B /* Color.m in Sources */,
				2D0BE1712E813577008CF78B /* NSData+CellsysData.m in Sources */,
				2D0BE1462E812451008CF78B /* FHXTabBarController.m in Sources */,
				2D0BE17F2E813F09008CF78B /* GeometryType.m in Sources */,
				2DAE1CED2E8245D4008B413E /* CellsysBLEMsgController.m in Sources */,
				2D0BE1472E812451008CF78B /* UIImage+FHXImage.m in Sources */,
				2D0BE1502E8124DC008CF78B /* NewViewController.m in Sources */,
				2D0BE1622E812D2B008CF78B /* CellsysPeripheralInfo.m in Sources */,
				2D0BE1692E8132A3008CF78B /* NSString+CellsysString.m in Sources */,
				2D0BE15C2E812C1D008CF78B /* CellsysBLEClient.m in Sources */,
				2D0BE17C2E813E18008CF78B /* CellsysGeometry.m in Sources */,
				2DAE1CD32E8238C8008B413E /* CellsysMsgServer.m in Sources */,
				2D0BE1512E8124DC008CF78B /* BrowseViewController.m in Sources */,
				2DAE1CEA2E824023008B413E /* CSArchiveBaseModel.m in Sources */,
				2D0BE1792E813B05008CF78B /* NSDate+CellsysDate.m in Sources */,
				2D0BE16D2E8134AB008CF78B /* GetVC.m in Sources */,
				2D0BE1522E8124DC008CF78B /* HomeViewController.m in Sources */,
				2D0BE1482E812451008CF78B /* UIColor+Hex.m in Sources */,
				2D0BE1A12E81431A008CF78B /* NSObject+MJClass.m in Sources */,
				2D0BE1A22E81431A008CF78B /* MJProperty.m in Sources */,
				2D0BE1A32E81431A008CF78B /* NSString+MJExtension.m in Sources */,
				2D0BE1A42E81431A008CF78B /* NSObject+MJProperty.m in Sources */,
				2D0BE1A52E81431A008CF78B /* NSObject+MJKeyValue.m in Sources */,
				2D0BE1A62E81431A008CF78B /* MJExtensionConst.m in Sources */,
				2D0BE1A72E81431A008CF78B /* NSObject+MJCoding.m in Sources */,
				2D0BE1A82E81431A008CF78B /* MJPropertyKey.m in Sources */,
				2D0BE1A92E81431A008CF78B /* MJFoundation.m in Sources */,
				2D0BE1AA2E81431A008CF78B /* MJPropertyType.m in Sources */,
				2DEA411425D002E3008FA2A8 /* main.m in Sources */,
				2D0BE1AE2E814487008CF78B /* NSObject+CellsysObject.m in Sources */,
				2DAE1CDD2E823952008B413E /* CellsysMessageController.m in Sources */,
				2DAE1CDE2E823952008B413E /* CellsysMessageGenerator.m in Sources */,
				2DAE1CDF2E823952008B413E /* CellsysMsgStatus.m in Sources */,
				2D0BE1872E814166008CF78B /* JZLocationConverter.m in Sources */,
				2DAE1CFD2E8270EB008B413E /* CellsysBLEMsgBody.m in Sources */,
				2DEA410625D002E1008FA2A8 /* SceneDelegate.m in Sources */,
				2D0BE1752E81372E008CF78B /* CellsysUserNotifications.m in Sources */,
			);
			runOnlyForDeploymentPostprocessing = 0;
		};
		2DEA411525D002E3008FA2A8 /* Sources */ = {
			isa = PBXSourcesBuildPhase;
			buildActionMask = 2147483647;
			files = (
				2DEA411E25D002E3008FA2A8 /* FrameTests.m in Sources */,
			);
			runOnlyForDeploymentPostprocessing = 0;
		};
		2DEA412025D002E3008FA2A8 /* Sources */ = {
			isa = PBXSourcesBuildPhase;
			buildActionMask = 2147483647;
			files = (
				2DEA412925D002E3008FA2A8 /* FrameUITests.m in Sources */,
			);
			runOnlyForDeploymentPostprocessing = 0;
		};
/* End PBXSourcesBuildPhase section */

/* Begin PBXTargetDependency section */
		2DEA411B25D002E3008FA2A8 /* PBXTargetDependency */ = {
			isa = PBXTargetDependency;
			target = 2DEA40FD25D002E1008FA2A8 /* Frame */;
			targetProxy = 2DEA411A25D002E3008FA2A8 /* PBXContainerItemProxy */;
		};
		2DEA412625D002E3008FA2A8 /* PBXTargetDependency */ = {
			isa = PBXTargetDependency;
			target = 2DEA40FD25D002E1008FA2A8 /* Frame */;
			targetProxy = 2DEA412525D002E3008FA2A8 /* PBXContainerItemProxy */;
		};
/* End PBXTargetDependency section */

/* Begin PBXVariantGroup section */
		2DEA410A25D002E1008FA2A8 /* Main.storyboard */ = {
			isa = PBXVariantGroup;
			children = (
				2DEA410B25D002E1008FA2A8 /* Base */,
			);
			name = Main.storyboard;
			sourceTree = "<group>";
		};
		2DEA410F25D002E3008FA2A8 /* LaunchScreen.storyboard */ = {
			isa = PBXVariantGroup;
			children = (
				2DEA411025D002E3008FA2A8 /* Base */,
			);
			name = LaunchScreen.storyboard;
			sourceTree = "<group>";
		};
/* End PBXVariantGroup section */

/* Begin XCBuildConfiguration section */
		2DEA412B25D002E3008FA2A8 /* Debug */ = {
			isa = XCBuildConfiguration;
			buildSettings = {
				ALWAYS_SEARCH_USER_PATHS = NO;
				CLANG_ANALYZER_NONNULL = YES;
				CLANG_ANALYZER_NUMBER_OBJECT_CONVERSION = YES_AGGRESSIVE;
				CLANG_CXX_LANGUAGE_STANDARD = "gnu++14";
				CLANG_CXX_LIBRARY = "libc++";
				CLANG_ENABLE_MODULES = YES;
				CLANG_ENABLE_OBJC_ARC = YES;
				CLANG_ENABLE_OBJC_WEAK = YES;
				CLANG_WARN_BLOCK_CAPTURE_AUTORELEASING = YES;
				CLANG_WARN_BOOL_CONVERSION = YES;
				CLANG_WARN_COMMA = YES;
				CLANG_WARN_CONSTANT_CONVERSION = YES;
				CLANG_WARN_DEPRECATED_OBJC_IMPLEMENTATIONS = YES;
				CLANG_WARN_DIRECT_OBJC_ISA_USAGE = YES_ERROR;
				CLANG_WARN_DOCUMENTATION_COMMENTS = YES;
				CLANG_WARN_EMPTY_BODY = YES;
				CLANG_WARN_ENUM_CONVERSION = YES;
				CLANG_WARN_INFINITE_RECURSION = YES;
				CLANG_WARN_INT_CONVERSION = YES;
				CLANG_WARN_NON_LITERAL_NULL_CONVERSION = YES;
				CLANG_WARN_OBJC_IMPLICIT_RETAIN_SELF = YES;
				CLANG_WARN_OBJC_LITERAL_CONVERSION = YES;
				CLANG_WARN_OBJC_ROOT_CLASS = YES_ERROR;
				CLANG_WARN_QUOTED_INCLUDE_IN_FRAMEWORK_HEADER = YES;
				CLANG_WARN_RANGE_LOOP_ANALYSIS = YES;
				CLANG_WARN_STRICT_PROTOTYPES = YES;
				CLANG_WARN_SUSPICIOUS_MOVE = YES;
				CLANG_WARN_UNGUARDED_AVAILABILITY = YES_AGGRESSIVE;
				CLANG_WARN_UNREACHABLE_CODE = YES;
				CLANG_WARN__DUPLICATE_METHOD_MATCH = YES;
				COPY_PHASE_STRIP = NO;
				DEBUG_INFORMATION_FORMAT = dwarf;
				ENABLE_STRICT_OBJC_MSGSEND = YES;
				ENABLE_TESTABILITY = YES;
				GCC_C_LANGUAGE_STANDARD = gnu11;
				GCC_DYNAMIC_NO_PIC = NO;
				GCC_NO_COMMON_BLOCKS = YES;
				GCC_OPTIMIZATION_LEVEL = 0;
				GCC_PREPROCESSOR_DEFINITIONS = (
					"DEBUG=1",
					"$(inherited)",
				);
				GCC_WARN_64_TO_32_BIT_CONVERSION = YES;
				GCC_WARN_ABOUT_RETURN_TYPE = YES_ERROR;
				GCC_WARN_UNDECLARED_SELECTOR = YES;
				GCC_WARN_UNINITIALIZED_AUTOS = YES_AGGRESSIVE;
				GCC_WARN_UNUSED_FUNCTION = YES;
				GCC_WARN_UNUSED_VARIABLE = YES;
				IPHONEOS_DEPLOYMENT_TARGET = 14.4;
				MTL_ENABLE_DEBUG_INFO = INCLUDE_SOURCE;
				MTL_FAST_MATH = YES;
				ONLY_ACTIVE_ARCH = YES;
				SDKROOT = iphoneos;
			};
			name = Debug;
		};
		2DEA412C25D002E3008FA2A8 /* Release */ = {
			isa = XCBuildConfiguration;
			buildSettings = {
				ALWAYS_SEARCH_USER_PATHS = NO;
				CLANG_ANALYZER_NONNULL = YES;
				CLANG_ANALYZER_NUMBER_OBJECT_CONVERSION = YES_AGGRESSIVE;
				CLANG_CXX_LANGUAGE_STANDARD = "gnu++14";
				CLANG_CXX_LIBRARY = "libc++";
				CLANG_ENABLE_MODULES = YES;
				CLANG_ENABLE_OBJC_ARC = YES;
				CLANG_ENABLE_OBJC_WEAK = YES;
				CLANG_WARN_BLOCK_CAPTURE_AUTORELEASING = YES;
				CLANG_WARN_BOOL_CONVERSION = YES;
				CLANG_WARN_COMMA = YES;
				CLANG_WARN_CONSTANT_CONVERSION = YES;
				CLANG_WARN_DEPRECATED_OBJC_IMPLEMENTATIONS = YES;
				CLANG_WARN_DIRECT_OBJC_ISA_USAGE = YES_ERROR;
				CLANG_WARN_DOCUMENTATION_COMMENTS = YES;
				CLANG_WARN_EMPTY_BODY = YES;
				CLANG_WARN_ENUM_CONVERSION = YES;
				CLANG_WARN_INFINITE_RECURSION = YES;
				CLANG_WARN_INT_CONVERSION = YES;
				CLANG_WARN_NON_LITERAL_NULL_CONVERSION = YES;
				CLANG_WARN_OBJC_IMPLICIT_RETAIN_SELF = YES;
				CLANG_WARN_OBJC_LITERAL_CONVERSION = YES;
				CLANG_WARN_OBJC_ROOT_CLASS = YES_ERROR;
				CLANG_WARN_QUOTED_INCLUDE_IN_FRAMEWORK_HEADER = YES;
				CLANG_WARN_RANGE_LOOP_ANALYSIS = YES;
				CLANG_WARN_STRICT_PROTOTYPES = YES;
				CLANG_WARN_SUSPICIOUS_MOVE = YES;
				CLANG_WARN_UNGUARDED_AVAILABILITY = YES_AGGRESSIVE;
				CLANG_WARN_UNREACHABLE_CODE = YES;
				CLANG_WARN__DUPLICATE_METHOD_MATCH = YES;
				COPY_PHASE_STRIP = NO;
				DEBUG_INFORMATION_FORMAT = "dwarf-with-dsym";
				ENABLE_NS_ASSERTIONS = NO;
				ENABLE_STRICT_OBJC_MSGSEND = YES;
				GCC_C_LANGUAGE_STANDARD = gnu11;
				GCC_NO_COMMON_BLOCKS = YES;
				GCC_WARN_64_TO_32_BIT_CONVERSION = YES;
				GCC_WARN_ABOUT_RETURN_TYPE = YES_ERROR;
				GCC_WARN_UNDECLARED_SELECTOR = YES;
				GCC_WARN_UNINITIALIZED_AUTOS = YES_AGGRESSIVE;
				GCC_WARN_UNUSED_FUNCTION = YES;
				GCC_WARN_UNUSED_VARIABLE = YES;
				IPHONEOS_DEPLOYMENT_TARGET = 14.4;
				MTL_ENABLE_DEBUG_INFO = NO;
				MTL_FAST_MATH = YES;
				SDKROOT = iphoneos;
				VALIDATE_PRODUCT = YES;
			};
			name = Release;
		};
		2DEA412E25D002E3008FA2A8 /* Debug */ = {
			isa = XCBuildConfiguration;
			baseConfigurationReference = 61AE22E663010AFFE916651C /* Pods-Frame.debug.xcconfig */;
			buildSettings = {
				ASSETCATALOG_COMPILER_APPICON_NAME = AppIcon;
				ASSETCATALOG_COMPILER_GLOBAL_ACCENT_COLOR_NAME = AccentColor;
				CLANG_ENABLE_MODULES = YES;
				CODE_SIGN_STYLE = Automatic;
				DEVELOPMENT_TEAM = 65VAKX7D88;
				GCC_PRECOMPILE_PREFIX_HEADER = YES;
				GCC_PREFIX_HEADER = "Frame/Base/BaseFile/Frame-Bridging-Header.pch";
				INFOPLIST_FILE = Frame/Info.plist;
				IPHONEOS_DEPLOYMENT_TARGET = 14.1;
				LD_RUNPATH_SEARCH_PATHS = (
					"$(inherited)",
					"@executable_path/Frameworks",
				);
				OTHER_LDFLAGS = (
					"$(inherited)",
					"-ObjC",
					"-l\"AFNetworking\"",
					"-l\"IQKeyboardManager\"",
					"-l\"JXCategoryView\"",
					"-l\"MBProgressHUD\"",
					"-l\"MJRefresh\"",
					"-l\"Masonry\"",
					"-l\"NerdyUI\"",
					"-l\"SDWebImage\"",
					"-l\"SVProgressHUD\"",
					"-l\"YYModel\"",
					"-l\"c++\"",
					"-l\"z\"",
					"-framework",
					"\"AMapFoundationKit\"",
					"-framework",
					"\"AMapLocationKit\"",
					"-framework",
					"\"AMapSearchKit\"",
					"-framework",
					"\"CoreFoundation\"",
					"-framework",
					"\"CoreGraphics\"",
					"-framework",
					"\"CoreLocation\"",
					"-framework",
					"\"CoreTelephony\"",
					"-framework",
					"\"CoreText\"",
					"-framework",
					"\"ExternalAccessory\"",
					"-framework",
					"\"Foundation\"",
					"-framework",
					"\"GLKit\"",
					"-framework",
					"\"ImageIO\"",
					"-framework",
					"\"MAMapKit\"",
					"-framework",
					"\"MobileCoreServices\"",
					"-framework",
					"\"OpenGLES\"",
					"-framework",
					"\"QuartzCore\"",
					"-framework",
					"\"Security\"",
					"-framework",
					"\"SystemConfiguration\"",
					"-framework",
					"\"UIKit\"",
					"-Wl,-no_fixup_chains",
				);
				PRODUCT_BUNDLE_IDENTIFIER = com.naxos.apple.moods;
				PRODUCT_NAME = "$(TARGET_NAME)";
				SWIFT_OBJC_BRIDGING_HEADER = "Frame/Base/BaseFile/Frame-Bridging-Header.h";
				SWIFT_OPTIMIZATION_LEVEL = "-Onone";
				SWIFT_VERSION = 5.0;
				TARGETED_DEVICE_FAMILY = 1;
			};
			name = Debug;
		};
		2DEA412F25D002E3008FA2A8 /* Release */ = {
			isa = XCBuildConfiguration;
			baseConfigurationReference = 31505FBBC6600852BC7E2D0F /* Pods-Frame.release.xcconfig */;
			buildSettings = {
				ASSETCATALOG_COMPILER_APPICON_NAME = AppIcon;
				ASSETCATALOG_COMPILER_GLOBAL_ACCENT_COLOR_NAME = AccentColor;
				CLANG_ENABLE_MODULES = YES;
				CODE_SIGN_STYLE = Automatic;
				DEVELOPMENT_TEAM = 65VAKX7D88;
				GCC_PRECOMPILE_PREFIX_HEADER = YES;
				GCC_PREFIX_HEADER = "Frame/Base/BaseFile/Frame-Bridging-Header.pch";
				INFOPLIST_FILE = Frame/Info.plist;
				IPHONEOS_DEPLOYMENT_TARGET = 14.1;
				LD_RUNPATH_SEARCH_PATHS = (
					"$(inherited)",
					"@executable_path/Frameworks",
				);
				OTHER_LDFLAGS = (
					"$(inherited)",
					"-ObjC",
					"-l\"AFNetworking\"",
					"-l\"IQKeyboardManager\"",
					"-l\"JXCategoryView\"",
					"-l\"MBProgressHUD\"",
					"-l\"MJRefresh\"",
					"-l\"Masonry\"",
					"-l\"NerdyUI\"",
					"-l\"SDWebImage\"",
					"-l\"SVProgressHUD\"",
					"-l\"YYModel\"",
					"-l\"c++\"",
					"-l\"z\"",
					"-framework",
					"\"AMapFoundationKit\"",
					"-framework",
					"\"AMapLocationKit\"",
					"-framework",
					"\"AMapSearchKit\"",
					"-framework",
					"\"CoreFoundation\"",
					"-framework",
					"\"CoreGraphics\"",
					"-framework",
					"\"CoreLocation\"",
					"-framework",
					"\"CoreTelephony\"",
					"-framework",
					"\"CoreText\"",
					"-framework",
					"\"ExternalAccessory\"",
					"-framework",
					"\"Foundation\"",
					"-framework",
					"\"GLKit\"",
					"-framework",
					"\"ImageIO\"",
					"-framework",
					"\"MAMapKit\"",
					"-framework",
					"\"MobileCoreServices\"",
					"-framework",
					"\"OpenGLES\"",
					"-framework",
					"\"QuartzCore\"",
					"-framework",
					"\"Security\"",
					"-framework",
					"\"SystemConfiguration\"",
					"-framework",
					"\"UIKit\"",
					"-Wl,-no_fixup_chains",
				);
				PRODUCT_BUNDLE_IDENTIFIER = com.naxos.apple.moods;
				PRODUCT_NAME = "$(TARGET_NAME)";
				SWIFT_OBJC_BRIDGING_HEADER = "Frame/Base/BaseFile/Frame-Bridging-Header.h";
				SWIFT_VERSION = 5.0;
				TARGETED_DEVICE_FAMILY = 1;
			};
			name = Release;
		};
		2DEA413125D002E3008FA2A8 /* Debug */ = {
			isa = XCBuildConfiguration;
			buildSettings = {
				BUNDLE_LOADER = "$(TEST_HOST)";
				CODE_SIGN_STYLE = Automatic;
				DEVELOPMENT_TEAM = X899RN3276;
				INFOPLIST_FILE = FrameTests/Info.plist;
				IPHONEOS_DEPLOYMENT_TARGET = 14.4;
				LD_RUNPATH_SEARCH_PATHS = (
					"$(inherited)",
					"@executable_path/Frameworks",
					"@loader_path/Frameworks",
				);
				PRODUCT_BUNDLE_IDENTIFIER = fenghanxu.FrameTests;
				PRODUCT_NAME = "$(TARGET_NAME)";
				TARGETED_DEVICE_FAMILY = "1,2";
				TEST_HOST = "$(BUILT_PRODUCTS_DIR)/Frame.app/Frame";
			};
			name = Debug;
		};
		2DEA413225D002E3008FA2A8 /* Release */ = {
			isa = XCBuildConfiguration;
			buildSettings = {
				BUNDLE_LOADER = "$(TEST_HOST)";
				CODE_SIGN_STYLE = Automatic;
				DEVELOPMENT_TEAM = X899RN3276;
				INFOPLIST_FILE = FrameTests/Info.plist;
				IPHONEOS_DEPLOYMENT_TARGET = 14.4;
				LD_RUNPATH_SEARCH_PATHS = (
					"$(inherited)",
					"@executable_path/Frameworks",
					"@loader_path/Frameworks",
				);
				PRODUCT_BUNDLE_IDENTIFIER = fenghanxu.FrameTests;
				PRODUCT_NAME = "$(TARGET_NAME)";
				TARGETED_DEVICE_FAMILY = "1,2";
				TEST_HOST = "$(BUILT_PRODUCTS_DIR)/Frame.app/Frame";
			};
			name = Release;
		};
		2DEA413425D002E3008FA2A8 /* Debug */ = {
			isa = XCBuildConfiguration;
			buildSettings = {
				CODE_SIGN_STYLE = Automatic;
				DEVELOPMENT_TEAM = X899RN3276;
				INFOPLIST_FILE = FrameUITests/Info.plist;
				LD_RUNPATH_SEARCH_PATHS = (
					"$(inherited)",
					"@executable_path/Frameworks",
					"@loader_path/Frameworks",
				);
				PRODUCT_BUNDLE_IDENTIFIER = fenghanxu.FrameUITests;
				PRODUCT_NAME = "$(TARGET_NAME)";
				TARGETED_DEVICE_FAMILY = "1,2";
				TEST_TARGET_NAME = Frame;
			};
			name = Debug;
		};
		2DEA413525D002E3008FA2A8 /* Release */ = {
			isa = XCBuildConfiguration;
			buildSettings = {
				CODE_SIGN_STYLE = Automatic;
				DEVELOPMENT_TEAM = X899RN3276;
				INFOPLIST_FILE = FrameUITests/Info.plist;
				LD_RUNPATH_SEARCH_PATHS = (
					"$(inherited)",
					"@executable_path/Frameworks",
					"@loader_path/Frameworks",
				);
				PRODUCT_BUNDLE_IDENTIFIER = fenghanxu.FrameUITests;
				PRODUCT_NAME = "$(TARGET_NAME)";
				TARGETED_DEVICE_FAMILY = "1,2";
				TEST_TARGET_NAME = Frame;
			};
			name = Release;
		};
/* End XCBuildConfiguration section */

/* Begin XCConfigurationList section */
		2DEA40F925D002E1008FA2A8 /* Build configuration list for PBXProject "Frame" */ = {
			isa = XCConfigurationList;
			buildConfigurations = (
				2DEA412B25D002E3008FA2A8 /* Debug */,
				2DEA412C25D002E3008FA2A8 /* Release */,
			);
			defaultConfigurationIsVisible = 0;
			defaultConfigurationName = Release;
		};
		2DEA412D25D002E3008FA2A8 /* Build configuration list for PBXNativeTarget "Frame" */ = {
			isa = XCConfigurationList;
			buildConfigurations = (
				2DEA412E25D002E3008FA2A8 /* Debug */,
				2DEA412F25D002E3008FA2A8 /* Release */,
			);
			defaultConfigurationIsVisible = 0;
			defaultConfigurationName = Release;
		};
		2DEA413025D002E3008FA2A8 /* Build configuration list for PBXNativeTarget "FrameTests" */ = {
			isa = XCConfigurationList;
			buildConfigurations = (
				2DEA413125D002E3008FA2A8 /* Debug */,
				2DEA413225D002E3008FA2A8 /* Release */,
			);
			defaultConfigurationIsVisible = 0;
			defaultConfigurationName = Release;
		};
		2DEA413325D002E3008FA2A8 /* Build configuration list for PBXNativeTarget "FrameUITests" */ = {
			isa = XCConfigurationList;
			buildConfigurations = (
				2DEA413425D002E3008FA2A8 /* Debug */,
				2DEA413525D002E3008FA2A8 /* Release */,
			);
			defaultConfigurationIsVisible = 0;
			defaultConfigurationName = Release;
		};
/* End XCConfigurationList section */
	};
	rootObject = 2DEA40F625D002E1008FA2A8 /* Project object */;
}
